{
  "nodes": {
    "flake-compat": {
      "flake": false,
      "locked": {
        "lastModified": 1767039857,
        "narHash": "sha256-vNpUSpF5Nuw8xvDLj2KCwwksIbjua2LZCqhV1LNRDns=",
        "owner": "edolstra",
        "repo": "flake-compat",
        "rev": "5edf11c44bc78a0d334f6334cdaf7d60d732daab",
        "type": "github"
      },
      "original": {
        "owner": "edolstra",
        "repo": "flake-compat",
        "type": "github"
      }
    },
    "nixos-hardware": {
      "inputs": {
        "nixpkgs": [
          "nixpkgs"
        ]
      },
      "locked": {
        "lastModified": 1785232496,
        "narHash": "sha256-65EQYIRRpTdpH8lUiB6Mvo5uBkG60aBIzAJuALfx+O0=",
        "owner": "NixOS",
        "repo": "nixos-hardware",
        "rev": "2e790b0a6be8ec2b76174ac0931b8ff11919ec98",
        "type": "github"
      },
      "original": {
        "owner": "NixOS",
        "repo": "nixos-hardware",
        "type": "github"
      }
    },
    "nixos-wsl": {
      "inputs": {
        "flake-compat": "flake-compat",
        "nixpkgs": [
          "nixpkgs-2605"
        ]
      },
      "locked": {
        "lastModified": 1784058838,
        "narHash": "sha256-499ZAnS4nWV2Wtgoi3WdbIVuZbNoN7KptltceQhZc38=",
        "owner": "nix-community",
        "repo": "NixOS-WSL",
        "rev": "787a4c128292010ad182eed66f879fa688592e4c",
        "type": "github"
      },
      "original": {
        "owner": "nix-community",
        "ref": "release-26.05",
        "repo": "NixOS-WSL",
        "type": "github"
      }
    },
    "nixpkgs": {
      "locked": {
        "lastModified": 1786106723,
        "narHash": "sha256-zDSUbpoeo/9ZmD2+wXnzxoo1+uhL8vxc0b8yuYMKYq0=",
        "owner": "NixOS",
        "repo": "nixpkgs",
        "rev": "f13ff45afd1bb73e640eaa08a7066dbed07e3238",
        "type": "github"
      },
      "original": {
        "owner": "NixOS",
        "ref": "nixos-unstable",
        "repo": "nixpkgs",
        "type": "github"
      }
    },
    "nixpkgs-2511": {
      "locked": {
        "lastModified": 1783375776,
        "narHash": "sha256-pg6hLjDeAWaUOzh2JM2Cw0BwYpGtOyNr6A4FBwP9Ymo=",
        "owner": "NixOS",
        "repo": "nixpkgs",
        "rev": "cd648d6ea62bc0ffba91e61fcfe5e33c1e2004b1",
        "type": "github"
      },
      "original": {
        "owner": "NixOS",
        "ref": "release-25.11",
        "repo": "nixpkgs",
        "type": "github"
      }
    },
    "nixpkgs-2605": {
      "locked": {
        "lastModified": 1786381520,
        "narHash": "sha256-FiEINgZLM9784xKDUETvg15QzhbrNvYGM8jEpQgPEpI=",
        "owner": "NixOS",
        "repo": "nixpkgs",
        "rev": "f76518bbedbcbda1c84c4a1abe01f8dbf78eea88",
        "type": "github"
      },
      "original": {
        "owner": "NixOS",
        "ref": "release-26.05",
        "repo": "nixpkgs",
        "type": "github"
      }
    },
    "ollama": {
      "inputs": {
        "nixpkgs": [
          "nixpkgs"
        ]
      },
      "locked": {
        "lastModified": 1786737499,
        "narHash": "sha256-8wA14GDefu6N4ykNfaEBFkCq6VE1yAL4AuuhkClhF/M=",
        "owner": "pmarreck",
        "repo": "ollama",
        "rev": "72b647621462a080e26a2f85761e8a88cd56940d",
        "type": "github"
      },
      "original": {
        "owner": "pmarreck",
        "ref": "main",
        "repo": "ollama",
        "type": "github"
      }
    },
    "root": {
      "inputs": {
        "nixos-hardware": "nixos-hardware",
        "nixos-wsl": "nixos-wsl",
        "nixpkgs": "nixpkgs",
        "nixpkgs-2511": "nixpkgs-2511",
        "nixpkgs-2605": "nixpkgs-2605",
        "ollama": "ollama",
        "tmog-linux": "tmog-linux",
        "tmog-version": "tmog-version",
        "unix-mail-redux": "unix-mail-redux"
      }
    },
    "tmog-linux": {
      "flake": false,
      "locked": {
        "narHash": "sha256-E/b0fghU+pPoFRGrGKpVW2tbIpFJmKFA+OaziO4ZPoM=",
        "type": "file",
        "url": "https://tmog.org/downloads/TMOG-Task-Manager-Linux-x86_64.AppImage"
      },
      "original": {
        "type": "file",
        "url": "https://tmog.org/downloads/TMOG-Task-Manager-Linux-x86_64.AppImage"
      }
    },
    "tmog-version": {
      "flake": false,
      "locked": {
        "narHash": "sha256-F8RUFo0T8CbabZQQAgvNkJMcnJm+piGQVFl/2kQDltA=",
        "type": "file",
        "url": "https://tmog.org/version.txt"
      },
      "original": {
        "type": "file",
        "url": "https://tmog.org/version.txt"
      }
    },
    "unix-mail-redux": {
      "inputs": {
        "nixpkgs": [
          "nixpkgs"
        ]
      },
      "locked": {
        "lastModified": 1788441562,
        "narHash": "sha256-uXsnRRkJ3oWmemzKUW4JVwtxdNeqfObjzEd08+84HnU=",
        "owner": "pmarreck",
        "repo": "unix_mail_redux",
        "rev": "bf7dcfd3e8ec3f17ee336e02003bd7f0d75a961b",
        "type": "github"
      },
      "original": {
        "owner": "pmarreck",
        "ref": "yolo",
        "repo": "unix_mail_redux",
        "type": "github"
      }
    }
  },
  "root": "root",
  "version": 7
}
